
Microsoft Visual Studio Solution File, Format Version 12.00
# Visual Studio Version 17
VisualStudioVersion = 17.1.32328.378
MinimumVisualStudioVersion = 10.0.40219.1
Project("{FAE04EC0-301F-11D3-BF4B-00C04F79EFBC}") = "matchgame", "matchgame.csproj", "{3CBC0EFB-A51D-4269-B191-D824B4864260}"
EndProject
Global
	GlobalSection(SolutionConfigurationPlatforms) = preSolution
		Debug|Any CPU = Debug|Any CPU
		Release|Any CPU = Release|Any CPU
	EndGlobalSection
	GlobalSection(ProjectConfigurationPlatforms) = postSolution
		{3CBC0EFB-A51D-4269-B191-D824B4864260}.Debug|Any CPU.ActiveCfg = Debug|Any CPU
		{3CBC0EFB-A51D-4269-B191-D824B4864260}.Debug|Any CPU.Build.0 = Debug|Any CPU
		{3CBC0EFB-A51D-4269-B191-D824B4864260}.Release|Any CPU.ActiveCfg = Release|Any CPU
		{3CBC0EFB-A51D-4269-B191-D824B4864260}.Release|Any CPU.Build.0 = Release|Any CPU
	EndGlobalSection
	GlobalSection(SolutionProperties) = preSolution
		HideSolutionNode = FALSE
	EndGlobalSection
	GlobalSection(ExtensibilityGlobals) = postSolution
		SolutionGuid = {24722C5A-AF6C-4A92-A9FC-5BAF4AB97533}
	EndGlobalSection
EndGlobal
